
Microsoft Visual Studio Solution File, Format Version 12.00
# Visual Studio 15
VisualStudioVersion = 15.0.27428.2037
MinimumVisualStudioVersion = 10.0.40219.1
Project("{FAE04EC0-301F-11D3-BF4B-00C04F79EFBC}") = "ClientB", "ClientB\ClientB.csproj", "{0C3F2017-C32A-4D28-AFA2-44584CDB638F}"
EndProject
Global
	GlobalSection(SolutionConfigurationPlatforms) = preSolution
		Debug|Any CPU = Debug|Any CPU
		Release|Any CPU = Release|Any CPU
	EndGlobalSection
	GlobalSection(ProjectConfigurationPlatforms) = postSolution
		{0C3F2017-C32A-4D28-AFA2-44584CDB638F}.Debug|Any CPU.ActiveCfg = Debug|Any CPU
		{0C3F2017-C32A-4D28-AFA2-44584CDB638F}.Debug|Any CPU.Build.0 = Debug|Any CPU
		{0C3F2017-C32A-4D28-AFA2-44584CDB638F}.Release|Any CPU.ActiveCfg = Release|Any CPU
		{0C3F2017-C32A-4D28-AFA2-44584CDB638F}.Release|Any CPU.Build.0 = Release|Any CPU
	EndGlobalSection
	GlobalSection(SolutionProperties) = preSolution
		HideSolutionNode = FALSE
	EndGlobalSection
	GlobalSection(ExtensibilityGlobals) = postSolution
		SolutionGuid = {6EF13C32-63D5-4A3C-8D13-DAE71B0E82D6}
	EndGlobalSection
EndGlobal
